
Microsoft Visual Studio Solution File, Format Version 12.00
# Visual Studio 14
VisualStudioVersion = 14.0.25420.1
MinimumVisualStudioVersion = 10.0.40219.1
Project("{FAE04EC0-301F-11D3-BF4B-00C04F79EFBC}") = "CurriculumProject", "CurriculumProject\CurriculumProject.csproj", "{95258461-7916-4CFB-9414-02BFA3F088B2}"
EndProject
Project("{FAE04EC0-301F-11D3-BF4B-00C04F79EFBC}") = "StudentService", "StudentService\StudentService.csproj", "{3B664082-9FA9-4904-A590-BB91432FFB64}"
EndProject
Global
	GlobalSection(SolutionConfigurationPlatforms) = preSolution
		Debug|Any CPU = Debug|Any CPU
		Release|Any CPU = Release|Any CPU
	EndGlobalSection
	GlobalSection(ProjectConfigurationPlatforms) = postSolution
		{95258461-7916-4CFB-9414-02BFA3F088B2}.Debug|Any CPU.ActiveCfg = Debug|Any CPU
		{95258461-7916-4CFB-9414-02BFA3F088B2}.Debug|Any CPU.Build.0 = Debug|Any CPU
		{95258461-7916-4CFB-9414-02BFA3F088B2}.Release|Any CPU.ActiveCfg = Release|Any CPU
		{95258461-7916-4CFB-9414-02BFA3F088B2}.Release|Any CPU.Build.0 = Release|Any CPU
		{3B664082-9FA9-4904-A590-BB91432FFB64}.Debug|Any CPU.ActiveCfg = Debug|Any CPU
		{3B664082-9FA9-4904-A590-BB91432FFB64}.Debug|Any CPU.Build.0 = Debug|Any CPU
		{3B664082-9FA9-4904-A590-BB91432FFB64}.Release|Any CPU.ActiveCfg = Release|Any CPU
		{3B664082-9FA9-4904-A590-BB91432FFB64}.Release|Any CPU.Build.0 = Release|Any CPU
	EndGlobalSection
	GlobalSection(SolutionProperties) = preSolution
		HideSolutionNode = FALSE
	EndGlobalSection
	GlobalSection(ExtensibilityGlobals) = postSolution
		SolutionGuid = {9719D6B0-FC43-4859-B0EA-C4DEBEFA69FA}
	EndGlobalSection
EndGlobal
